<?xml version="1.0" encoding="utf-8"?>
<Project ToolsVersion="4.0" xmlns="http://schemas.microsoft.com/developer/msbuild/2003">
  <ItemGroup>
    <Filter Include="Source Files">
      <UniqueIdentifier>{4FC737F1-C7A5-4376-A066-2A32D752A2FF}</UniqueIdentifier>
      <Extensions>cpp;c;cc;cxx;def;odl;idl;hpj;bat;asm;asmx</Extensions>
    </Filter>
    <Filter Include="Header Files">
      <UniqueIdentifier>{93995380-89BD-4b04-88EB-625FBE52EBFB}</UniqueIdentifier>
      <Extensions>h;hpp;hxx;hm;inl;inc;xsd</Extensions>
    </Filter>
    <Filter Include="Resource Files">
      <UniqueIdentifier>{67DA6AB6-F800-4c08-8B7A-83BB121AAD01}</UniqueIdentifier>
      <Extensions>rc;ico;cur;bmp;dlg;rc2;rct;bin;rgs;gif;jpg;jpeg;jpe;resx;tiff;tif;png;wav</Extensions>
    </Filter>
  </ItemGroup>
  <ItemGroup>
    <ClCompile Include="Alloc.c">
      <Filter>Source Files</Filter>
    </ClCompile>
    <ClCompile Include="BBSHTMLConfig.c">
      <Filter>Source Files</Filter>
    </ClCompile>
    <ClCompile Include="BBSUtilities.c">
      <Filter>Source Files</Filter>
    </ClCompile>
    <ClCompile Include="BPQMail.c">
      <Filter>Source Files</Filter>
    </ClCompile>
    <ClCompile Include="BPQMailConfig.c">
      <Filter>Source Files</Filter>
    </ClCompile>
    <ClCompile Include="CMSAuth.c">
      <Filter>Source Files</Filter>
    </ClCompile>
    <ClCompile Include="FBBRoutines.c">
      <Filter>Source Files</Filter>
    </ClCompile>
    <ClCompile Include="Housekeeping.c">
      <Filter>Source Files</Filter>
    </ClCompile>
    <ClCompile Include="HTMLCommonCode.c">
      <Filter>Source Files</Filter>
    </ClCompile>
    <ClCompile Include="LzFind.c">
      <Filter>Source Files</Filter>
    </ClCompile>
    <ClCompile Include="lzhuf32.c">
      <Filter>Source Files</Filter>
    </ClCompile>
    <ClCompile Include="LzmaDec.c">
      <Filter>Source Files</Filter>
    </ClCompile>
    <ClCompile Include="LzmaEnc.c">
      <Filter>Source Files</Filter>
    </ClCompile>
    <ClCompile Include="LzmaLib.c">
      <Filter>Source Files</Filter>
    </ClCompile>
    <ClCompile Include="MailCommands.c">
      <Filter>Source Files</Filter>
    </ClCompile>
    <ClCompile Include="MailDataDefs.c">
      <Filter>Source Files</Filter>
    </ClCompile>
    <ClCompile Include="MailRouting.c">
      <Filter>Source Files</Filter>
    </ClCompile>
    <ClCompile Include="MailTCP.c">
      <Filter>Source Files</Filter>
    </ClCompile>
    <ClCompile Include="MBLRoutines.c">
      <Filter>Source Files</Filter>
    </ClCompile>
    <ClCompile Include="Monitor.c">
      <Filter>Source Files</Filter>
    </ClCompile>
    <ClCompile Include="Multicast.c">
      <Filter>Source Files</Filter>
    </ClCompile>
    <ClCompile Include="MultiConsole.c">
      <Filter>Source Files</Filter>
    </ClCompile>
    <ClCompile Include="NNTPRoutines.c">
      <Filter>Source Files</Filter>
    </ClCompile>
    <ClCompile Include="UIRoutines.c">
      <Filter>Source Files</Filter>
    </ClCompile>
    <ClCompile Include="utf8Routines.c">
      <Filter>Source Files</Filter>
    </ClCompile>
    <ClCompile Include="WebMail.c">
      <Filter>Source Files</Filter>
    </ClCompile>
    <ClCompile Include="WPRoutines.c">
      <Filter>Source Files</Filter>
    </ClCompile>
  </ItemGroup>
  <ItemGroup>
    <ClInclude Include="bpqmailrc.h">
      <Filter>Header Files</Filter>
    </ClInclude>
    <ClInclude Include="Versions.h">
      <Filter>Header Files</Filter>
    </ClInclude>
  </ItemGroup>
  <ItemGroup>
    <ResourceCompile Include="BPQMail.rc">
      <Filter>Resource Files</Filter>
    </ResourceCompile>
  </ItemGroup>
</Project>