
Microsoft Visual Studio Solution File, Format Version 12.00
# Visual Studio Version 18
VisualStudioVersion = 18.10.12201.205 stable
MinimumVisualStudioVersion = 10.0.40219.1
Project("{8BC9CEB8-8B4A-11D0-8D11-00A0C91BC942}") = "BPQ32.EXE", "BPQWinAPP.vcxproj", "{005A91EA-3A00-4FB4-ADD9-EB78DBFA2B81}"
EndProject
Project("{8BC9CEB8-8B4A-11D0-8D11-00A0C91BC942}") = "WinmorControl", "WinmorControl.vcxproj", "{005A91EA-3A00-4FB4-ADD9-EB78DBFA2B82}"
EndProject
Project("{8BC9CEB8-8B4A-11D0-8D11-00A0C91BC942}") = "BPQMail", "BPQMail.vcxproj", "{3766AA10-C777-4ED8-A83D-F1452DE9B665}"
EndProject
Project("{8BC9CEB8-8B4A-11D0-8D11-00A0C91BC942}") = "LinBPQ", "MailNode.vcxproj", "{3766AA10-C777-4ED8-A83D-F1452DE9B666}"
EndProject
Project("{8BC9CEB8-8B4A-11D0-8D11-00A0C91BC942}") = "BPQ32.DLL", "CBPQ32.vcxproj", "{8EFA1E59-8654-4A23-8102-AA77A074D57C}"
EndProject
Project("{8BC9CEB8-8B4A-11D0-8D11-00A0C91BC942}") = "BPQChat", "BPQChat.vcxproj", "{2BDD2C8A-2B4A-496C-A2EA-6B49AA0670B1}"
EndProject
Project("{8BC9CEB8-8B4A-11D0-8D11-00A0C91BC942}") = "BPQTerminal", "BPQTerminal.vcxproj", "{04F2B9AD-4369-49EA-82EC-3C701C97C6D8}"
EndProject
Project("{8BC9CEB8-8B4A-11D0-8D11-00A0C91BC942}") = "BPQTermTCP", "BPQTermTCP.vcxproj", "{99625C77-CABA-469A-A5A7-ECB4EE354225}"
EndProject
Global
	GlobalSection(SolutionConfigurationPlatforms) = preSolution
		Debug|Win32 = Debug|Win32
		Relase Static|Win32 = Relase Static|Win32
		Release|Win32 = Release|Win32
	EndGlobalSection
	GlobalSection(ProjectConfigurationPlatforms) = postSolution
		{005A91EA-3A00-4FB4-ADD9-EB78DBFA2B81}.Debug|Win32.ActiveCfg = Debug|Win32
		{005A91EA-3A00-4FB4-ADD9-EB78DBFA2B81}.Debug|Win32.Build.0 = Debug|Win32
		{005A91EA-3A00-4FB4-ADD9-EB78DBFA2B81}.Relase Static|Win32.ActiveCfg = Release|Win32
		{005A91EA-3A00-4FB4-ADD9-EB78DBFA2B81}.Relase Static|Win32.Build.0 = Release|Win32
		{005A91EA-3A00-4FB4-ADD9-EB78DBFA2B81}.Release|Win32.ActiveCfg = Release|Win32
		{005A91EA-3A00-4FB4-ADD9-EB78DBFA2B81}.Release|Win32.Build.0 = Release|Win32
		{005A91EA-3A00-4FB4-ADD9-EB78DBFA2B82}.Debug|Win32.ActiveCfg = Debug|Win32
		{005A91EA-3A00-4FB4-ADD9-EB78DBFA2B82}.Debug|Win32.Build.0 = Debug|Win32
		{005A91EA-3A00-4FB4-ADD9-EB78DBFA2B82}.Relase Static|Win32.ActiveCfg = Release|Win32
		{005A91EA-3A00-4FB4-ADD9-EB78DBFA2B82}.Relase Static|Win32.Build.0 = Release|Win32
		{005A91EA-3A00-4FB4-ADD9-EB78DBFA2B82}.Release|Win32.ActiveCfg = Release|Win32
		{005A91EA-3A00-4FB4-ADD9-EB78DBFA2B82}.Release|Win32.Build.0 = Release|Win32
		{3766AA10-C777-4ED8-A83D-F1452DE9B665}.Debug|Win32.ActiveCfg = Debug|Win32
		{3766AA10-C777-4ED8-A83D-F1452DE9B665}.Debug|Win32.Build.0 = Debug|Win32
		{3766AA10-C777-4ED8-A83D-F1452DE9B665}.Relase Static|Win32.ActiveCfg = Release|Win32
		{3766AA10-C777-4ED8-A83D-F1452DE9B665}.Relase Static|Win32.Build.0 = Release|Win32
		{3766AA10-C777-4ED8-A83D-F1452DE9B665}.Release|Win32.ActiveCfg = Release|Win32
		{3766AA10-C777-4ED8-A83D-F1452DE9B665}.Release|Win32.Build.0 = Release|Win32
		{3766AA10-C777-4ED8-A83D-F1452DE9B666}.Debug|Win32.ActiveCfg = Debug|Win32
		{3766AA10-C777-4ED8-A83D-F1452DE9B666}.Debug|Win32.Build.0 = Debug|Win32
		{3766AA10-C777-4ED8-A83D-F1452DE9B666}.Relase Static|Win32.ActiveCfg = Release|Win32
		{3766AA10-C777-4ED8-A83D-F1452DE9B666}.Relase Static|Win32.Build.0 = Release|Win32
		{3766AA10-C777-4ED8-A83D-F1452DE9B666}.Release|Win32.ActiveCfg = Release|Win32
		{3766AA10-C777-4ED8-A83D-F1452DE9B666}.Release|Win32.Build.0 = Release|Win32
		{8EFA1E59-8654-4A23-8102-AA77A074D57C}.Debug|Win32.ActiveCfg = Debug|Win32
		{8EFA1E59-8654-4A23-8102-AA77A074D57C}.Debug|Win32.Build.0 = Debug|Win32
		{8EFA1E59-8654-4A23-8102-AA77A074D57C}.Relase Static|Win32.ActiveCfg = Release|Win32
		{8EFA1E59-8654-4A23-8102-AA77A074D57C}.Relase Static|Win32.Build.0 = Release|Win32
		{8EFA1E59-8654-4A23-8102-AA77A074D57C}.Release|Win32.ActiveCfg = Release|Win32
		{8EFA1E59-8654-4A23-8102-AA77A074D57C}.Release|Win32.Build.0 = Release|Win32
		{2BDD2C8A-2B4A-496C-A2EA-6B49AA0670B1}.Debug|Win32.ActiveCfg = Debug|Win32
		{2BDD2C8A-2B4A-496C-A2EA-6B49AA0670B1}.Debug|Win32.Build.0 = Debug|Win32
		{2BDD2C8A-2B4A-496C-A2EA-6B49AA0670B1}.Relase Static|Win32.ActiveCfg = Release|Win32
		{2BDD2C8A-2B4A-496C-A2EA-6B49AA0670B1}.Relase Static|Win32.Build.0 = Release|Win32
		{2BDD2C8A-2B4A-496C-A2EA-6B49AA0670B1}.Release|Win32.ActiveCfg = Release|Win32
		{2BDD2C8A-2B4A-496C-A2EA-6B49AA0670B1}.Release|Win32.Build.0 = Release|Win32
		{04F2B9AD-4369-49EA-82EC-3C701C97C6D8}.Debug|Win32.ActiveCfg = Debug|Win32
		{04F2B9AD-4369-49EA-82EC-3C701C97C6D8}.Debug|Win32.Build.0 = Debug|Win32
		{04F2B9AD-4369-49EA-82EC-3C701C97C6D8}.Relase Static|Win32.ActiveCfg = Relase Static|Win32
		{04F2B9AD-4369-49EA-82EC-3C701C97C6D8}.Relase Static|Win32.Build.0 = Relase Static|Win32
		{04F2B9AD-4369-49EA-82EC-3C701C97C6D8}.Release|Win32.ActiveCfg = Release|Win32
		{04F2B9AD-4369-49EA-82EC-3C701C97C6D8}.Release|Win32.Build.0 = Release|Win32
		{99625C77-CABA-469A-A5A7-ECB4EE354225}.Debug|Win32.ActiveCfg = Debug|Win32
		{99625C77-CABA-469A-A5A7-ECB4EE354225}.Debug|Win32.Build.0 = Debug|Win32
		{99625C77-CABA-469A-A5A7-ECB4EE354225}.Relase Static|Win32.ActiveCfg = Release|Win32
		{99625C77-CABA-469A-A5A7-ECB4EE354225}.Relase Static|Win32.Build.0 = Release|Win32
		{99625C77-CABA-469A-A5A7-ECB4EE354225}.Release|Win32.ActiveCfg = Release|Win32
		{99625C77-CABA-469A-A5A7-ECB4EE354225}.Release|Win32.Build.0 = Release|Win32
	EndGlobalSection
	GlobalSection(SolutionProperties) = preSolution
		HideSolutionNode = FALSE
	EndGlobalSection
	GlobalSection(ExtensibilityGlobals) = postSolution
		SolutionGuid = {FB815A29-A2DD-470A-B0AF-7188AA0F4C7F}
	EndGlobalSection
EndGlobal
