<?xml version="1.0" encoding="utf-8"?>
<Project ToolsVersion="4.0" xmlns="http://schemas.microsoft.com/developer/msbuild/2003">
  <ItemGroup>
    <Filter Include="Source Files">
      <UniqueIdentifier>{4FC737F1-C7A5-4376-A066-2A32D752A2FF}</UniqueIdentifier>
      <Extensions>cpp;c;cc;cxx;def;odl;idl;hpj;bat;asm;asmx</Extensions>
    </Filter>
    <Filter Include="Header Files">
      <UniqueIdentifier>{93995380-89BD-4b04-88EB-625FBE52EBFB}</UniqueIdentifier>
      <Extensions>h;hpp;hxx;hm;inl;inc;xsd</Extensions>
    </Filter>
    <Filter Include="Resource Files">
      <UniqueIdentifier>{67DA6AB6-F800-4c08-8B7A-83BB121AAD01}</UniqueIdentifier>
      <Extensions>rc;ico;cur;bmp;dlg;rc2;rct;bin;rgs;gif;jpg;jpeg;jpe;resx;tiff;tif;png;wav</Extensions>
    </Filter>
  </ItemGroup>
  <ItemGroup>
    <ClCompile Include="adif.c">
      <Filter>Source Files</Filter>
    </ClCompile>
    <ClCompile Include="AEAPactor.c">
      <Filter>Source Files</Filter>
    </ClCompile>
    <ClCompile Include="AGWAPI.c">
      <Filter>Source Files</Filter>
    </ClCompile>
    <ClCompile Include="AGWMoncode.c">
      <Filter>Source Files</Filter>
    </ClCompile>
    <ClCompile Include="AISCommon.c">
      <Filter>Source Files</Filter>
    </ClCompile>
    <ClCompile Include="APRSCode.c">
      <Filter>Source Files</Filter>
    </ClCompile>
    <ClCompile Include="APRSStdPages.c">
      <Filter>Source Files</Filter>
    </ClCompile>
    <ClCompile Include="ARDOP.c">
      <Filter>Source Files</Filter>
    </ClCompile>
    <ClCompile Include="Bpq32.c">
      <Filter>Source Files</Filter>
    </ClCompile>
    <ClCompile Include="bpqaxip.c">
      <Filter>Source Files</Filter>
    </ClCompile>
    <ClCompile Include="bpqether.c">
      <Filter>Source Files</Filter>
    </ClCompile>
    <ClCompile Include="bpqhdlc.c">
      <Filter>Source Files</Filter>
    </ClCompile>
    <ClCompile Include="BPQINP3.c">
      <Filter>Source Files</Filter>
    </ClCompile>
    <ClCompile Include="BPQNRR.c">
      <Filter>Source Files</Filter>
    </ClCompile>
    <ClCompile Include="BPQTermMDI.c">
      <Filter>Source Files</Filter>
    </ClCompile>
    <ClCompile Include="BPQtoAGW.c">
      <Filter>Source Files</Filter>
    </ClCompile>
    <ClCompile Include="bpqvkiss.c">
      <Filter>Source Files</Filter>
    </ClCompile>
    <ClCompile Include="cMain.c">
      <Filter>Source Files</Filter>
    </ClCompile>
    <ClCompile Include="Cmd.c">
      <Filter>Source Files</Filter>
    </ClCompile>
    <ClCompile Include="CMSAuth.c">
      <Filter>Source Files</Filter>
    </ClCompile>
    <ClCompile Include="CommonCode.c">
      <Filter>Source Files</Filter>
    </ClCompile>
    <ClCompile Include="compatbits.c">
      <Filter>Source Files</Filter>
    </ClCompile>
    <ClCompile Include="config.c">
      <Filter>Source Files</Filter>
    </ClCompile>
    <ClCompile Include="datadefs.c">
      <Filter>Source Files</Filter>
    </ClCompile>
    <ClCompile Include="DOSAPI.c">
      <Filter>Source Files</Filter>
    </ClCompile>
    <ClCompile Include="FLDigi.c">
      <Filter>Source Files</Filter>
    </ClCompile>
    <ClCompile Include="HALDriver.c">
      <Filter>Source Files</Filter>
    </ClCompile>
    <ClCompile Include="HFCommon.c">
      <Filter>Source Files</Filter>
    </ClCompile>
    <ClCompile Include="hid.c">
      <Filter>Source Files</Filter>
    </ClCompile>
    <ClCompile Include="HSMODEM.c">
      <Filter>Source Files</Filter>
    </ClCompile>
    <ClCompile Include="HTTPcode.c">
      <Filter>Source Files</Filter>
    </ClCompile>
    <ClCompile Include="IPCode.c">
      <Filter>Source Files</Filter>
    </ClCompile>
    <ClCompile Include="KAMPactor.c">
      <Filter>Source Files</Filter>
    </ClCompile>
    <ClCompile Include="kiss.c">
      <Filter>Source Files</Filter>
    </ClCompile>
    <ClCompile Include="KISSHF.c">
      <Filter>Source Files</Filter>
    </ClCompile>
    <ClCompile Include="L2Code.c">
      <Filter>Source Files</Filter>
    </ClCompile>
    <ClCompile Include="L3Code.c">
      <Filter>Source Files</Filter>
    </ClCompile>
    <ClCompile Include="L4Code.c">
      <Filter>Source Files</Filter>
    </ClCompile>
    <ClCompile Include="md5.c">
      <Filter>Source Files</Filter>
    </ClCompile>
    <ClCompile Include="Moncode.c">
      <Filter>Source Files</Filter>
    </ClCompile>
    <ClCompile Include="MULTIPSK.c">
      <Filter>Source Files</Filter>
    </ClCompile>
    <ClCompile Include="PortMapper.c">
      <Filter>Source Files</Filter>
    </ClCompile>
    <ClCompile Include="RigControl.c">
      <Filter>Source Files</Filter>
    </ClCompile>
    <ClCompile Include="SCSPactor.c">
      <Filter>Source Files</Filter>
    </ClCompile>
    <ClCompile Include="SCSTrackeMulti.c">
      <Filter>Source Files</Filter>
    </ClCompile>
    <ClCompile Include="SCSTracker.c">
      <Filter>Source Files</Filter>
    </ClCompile>
    <ClCompile Include="SerialPort.c">
      <Filter>Source Files</Filter>
    </ClCompile>
    <ClCompile Include="TelnetV6.c">
      <Filter>Source Files</Filter>
    </ClCompile>
    <ClCompile Include="TNCCode.c">
      <Filter>Source Files</Filter>
    </ClCompile>
    <ClCompile Include="TNCEmulators.c">
      <Filter>Source Files</Filter>
    </ClCompile>
    <ClCompile Include="UIARQ.c">
      <Filter>Source Files</Filter>
    </ClCompile>
    <ClCompile Include="upnp.c">
      <Filter>Source Files</Filter>
    </ClCompile>
    <ClCompile Include="utf8Routines.c">
      <Filter>Source Files</Filter>
    </ClCompile>
    <ClCompile Include="UZ7HODrv.c">
      <Filter>Source Files</Filter>
    </ClCompile>
    <ClCompile Include="V4.c">
      <Filter>Source Files</Filter>
    </ClCompile>
    <ClCompile Include="VARA.c">
      <Filter>Source Files</Filter>
    </ClCompile>
    <ClCompile Include="WINMOR.c">
      <Filter>Source Files</Filter>
    </ClCompile>
    <ClCompile Include="WinRPR.c">
      <Filter>Source Files</Filter>
    </ClCompile>
  </ItemGroup>
  <ItemGroup>
    <MASM Include="asmDOSAPI.asm">
      <Filter>Source Files</Filter>
    </MASM>
  </ItemGroup>
  <ItemGroup>
    <ClInclude Include="asmstrucs.h">
      <Filter>Header Files</Filter>
    </ClInclude>
    <ClInclude Include="CHeaders.h">
      <Filter>Header Files</Filter>
    </ClInclude>
    <ClInclude Include="compatbits.h">
      <Filter>Header Files</Filter>
    </ClInclude>
    <ClInclude Include="..\CKernel\kernelresource.h">
      <Filter>Header Files</Filter>
    </ClInclude>
    <ClInclude Include="Versions.h">
      <Filter>Header Files</Filter>
    </ClInclude>
  </ItemGroup>
  <ItemGroup>
    <None Include="bpq32.def">
      <Filter>Header Files</Filter>
    </None>
    <None Include="..\CInclude\Strucs.inc">
      <Filter>Header Files</Filter>
    </None>
  </ItemGroup>
  <ItemGroup>
    <ResourceCompile Include="KernelScript1.rc">
      <Filter>Resource Files</Filter>
    </ResourceCompile>
  </ItemGroup>
</Project>