
Microsoft Visual Studio Solution File, Format Version 9.00
# Visual C++ Express 2005
Project("{8BC9CEB8-8B4A-11D0-8D11-00A0C91BC942}") = "UDPtoTCP", "UDPtoTCP\UDPtoTCP.vcproj", "{879D4FD3-82E0-429E-8A54-7AF4CA9FEF7D}"
EndProject
Global
	GlobalSection(SolutionConfigurationPlatforms) = preSolution
		Debug|Win32 = Debug|Win32
		Release|Win32 = Release|Win32
	EndGlobalSection
	GlobalSection(ProjectConfigurationPlatforms) = postSolution
		{879D4FD3-82E0-429E-8A54-7AF4CA9FEF7D}.Debug|Win32.ActiveCfg = Debug|Win32
		{879D4FD3-82E0-429E-8A54-7AF4CA9FEF7D}.Debug|Win32.Build.0 = Debug|Win32
		{879D4FD3-82E0-429E-8A54-7AF4CA9FEF7D}.Release|Win32.ActiveCfg = Release|Win32
		{879D4FD3-82E0-429E-8A54-7AF4CA9FEF7D}.Release|Win32.Build.0 = Release|Win32
	EndGlobalSection
	GlobalSection(SolutionProperties) = preSolution
		HideSolutionNode = FALSE
	EndGlobalSection
EndGlobal
